
Microsoft Visual Studio Solution File, Format Version 12.00
# Visual Studio Version 17
VisualStudioVersion = 17.5.33530.505
MinimumVisualStudioVersion = 10.0.40219.1
Project("{FAE04EC0-301F-11D3-BF4B-00C04F79EFBC}") = "ViaCep", "ViaCep\ViaCep.csproj", "{18750156-CA9B-4749-A858-94AF102BCC8B}"
EndProject
Global
	GlobalSection(SolutionConfigurationPlatforms) = preSolution
		Debug|Any CPU = Debug|Any CPU
		Release|Any CPU = Release|Any CPU
	EndGlobalSection
	GlobalSection(ProjectConfigurationPlatforms) = postSolution
		{18750156-CA9B-4749-A858-94AF102BCC8B}.Debug|Any CPU.ActiveCfg = Debug|Any CPU
		{18750156-CA9B-4749-A858-94AF102BCC8B}.Debug|Any CPU.Build.0 = Debug|Any CPU
		{18750156-CA9B-4749-A858-94AF102BCC8B}.Release|Any CPU.ActiveCfg = Release|Any CPU
		{18750156-CA9B-4749-A858-94AF102BCC8B}.Release|Any CPU.Build.0 = Release|Any CPU
	EndGlobalSection
	GlobalSection(SolutionProperties) = preSolution
		HideSolutionNode = FALSE
	EndGlobalSection
	GlobalSection(ExtensibilityGlobals) = postSolution
		SolutionGuid = {0B1421E8-0F11-476C-854B-71373EFD85E1}
	EndGlobalSection
EndGlobal
